
Microsoft Visual Studio Solution File, Format Version 12.00
# Visual Studio Version 17
VisualStudioVersion = 17.5.33424.131
MinimumVisualStudioVersion = 10.0.40219.1
Project("{FAE04EC0-301F-11D3-BF4B-00C04F79EFBC}") = "temperature converter", "temperature converter\temperature converter.csproj", "{4B47B271-0FD5-4597-8403-77DFE94434DA}"
EndProject
Global
	GlobalSection(SolutionConfigurationPlatforms) = preSolution
		Debug|Any CPU = Debug|Any CPU
		Release|Any CPU = Release|Any CPU
	EndGlobalSection
	GlobalSection(ProjectConfigurationPlatforms) = postSolution
		{4B47B271-0FD5-4597-8403-77DFE94434DA}.Debug|Any CPU.ActiveCfg = Debug|Any CPU
		{4B47B271-0FD5-4597-8403-77DFE94434DA}.Debug|Any CPU.Build.0 = Debug|Any CPU
		{4B47B271-0FD5-4597-8403-77DFE94434DA}.Release|Any CPU.ActiveCfg = Release|Any CPU
		{4B47B271-0FD5-4597-8403-77DFE94434DA}.Release|Any CPU.Build.0 = Release|Any CPU
	EndGlobalSection
	GlobalSection(SolutionProperties) = preSolution
		HideSolutionNode = FALSE
	EndGlobalSection
	GlobalSection(ExtensibilityGlobals) = postSolution
		SolutionGuid = {512E54A9-CBC9-4C65-A2C2-76F3AD92AA27}
	EndGlobalSection
EndGlobal
